
Microsoft Visual Studio Solution File, Format Version 12.00
# Visual Studio Version 17
VisualStudioVersion = 17.7.34009.444
MinimumVisualStudioVersion = 10.0.40219.1
Project("{2150E333-8FDC-42A3-9474-1A3956D46DE8}") = "src", "src", "{ABC79A7E-8225-46E4-B1A7-91E50583A2DB}"
EndProject
Project("{9A19103F-16F7-4668-BE54-9A1E7A4F7556}") = "AuctionService", "src\AuctionService\AuctionService.csproj", "{D992BC5A-5E8C-4333-A630-2AA2B5118BF4}"
EndProject
Project("{9A19103F-16F7-4668-BE54-9A1E7A4F7556}") = "SearchService", "src\SearchService\SearchService.csproj", "{79FB8EF4-34F5-40FE-9E37-7AA436536D93}"
EndProject
Project("{9A19103F-16F7-4668-BE54-9A1E7A4F7556}") = "Contracts", "src\Contracts\Contracts.csproj", "{9512B0FA-6E0A-448F-8308-F20E3B9225D8}"
EndProject
Project("{9A19103F-16F7-4668-BE54-9A1E7A4F7556}") = "IdentityService", "src\IdentityService\IdentityService.csproj", "{76AB2501-74A7-4B99-9F35-F0D5E76F0043}"
EndProject
Project("{9A19103F-16F7-4668-BE54-9A1E7A4F7556}") = "GatewayService", "src\GatewayService\GatewayService.csproj", "{1980B443-4B78-4CAA-803B-3E173BC36351}"
EndProject
Global
	GlobalSection(SolutionConfigurationPlatforms) = preSolution
		Debug|Any CPU = Debug|Any CPU
		Release|Any CPU = Release|Any CPU
	EndGlobalSection
	GlobalSection(ProjectConfigurationPlatforms) = postSolution
		{D992BC5A-5E8C-4333-A630-2AA2B5118BF4}.Debug|Any CPU.ActiveCfg = Debug|Any CPU
		{D992BC5A-5E8C-4333-A630-2AA2B5118BF4}.Debug|Any CPU.Build.0 = Debug|Any CPU
		{D992BC5A-5E8C-4333-A630-2AA2B5118BF4}.Release|Any CPU.ActiveCfg = Release|Any CPU
		{D992BC5A-5E8C-4333-A630-2AA2B5118BF4}.Release|Any CPU.Build.0 = Release|Any CPU
		{79FB8EF4-34F5-40FE-9E37-7AA436536D93}.Debug|Any CPU.ActiveCfg = Debug|Any CPU
		{79FB8EF4-34F5-40FE-9E37-7AA436536D93}.Debug|Any CPU.Build.0 = Debug|Any CPU
		{79FB8EF4-34F5-40FE-9E37-7AA436536D93}.Release|Any CPU.ActiveCfg = Release|Any CPU
		{79FB8EF4-34F5-40FE-9E37-7AA436536D93}.Release|Any CPU.Build.0 = Release|Any CPU
		{9512B0FA-6E0A-448F-8308-F20E3B9225D8}.Debug|Any CPU.ActiveCfg = Debug|Any CPU
		{9512B0FA-6E0A-448F-8308-F20E3B9225D8}.Debug|Any CPU.Build.0 = Debug|Any CPU
		{9512B0FA-6E0A-448F-8308-F20E3B9225D8}.Release|Any CPU.ActiveCfg = Release|Any CPU
		{9512B0FA-6E0A-448F-8308-F20E3B9225D8}.Release|Any CPU.Build.0 = Release|Any CPU
		{76AB2501-74A7-4B99-9F35-F0D5E76F0043}.Debug|Any CPU.ActiveCfg = Debug|Any CPU
		{76AB2501-74A7-4B99-9F35-F0D5E76F0043}.Debug|Any CPU.Build.0 = Debug|Any CPU
		{76AB2501-74A7-4B99-9F35-F0D5E76F0043}.Release|Any CPU.ActiveCfg = Release|Any CPU
		{76AB2501-74A7-4B99-9F35-F0D5E76F0043}.Release|Any CPU.Build.0 = Release|Any CPU
		{1980B443-4B78-4CAA-803B-3E173BC36351}.Debug|Any CPU.ActiveCfg = Debug|Any CPU
		{1980B443-4B78-4CAA-803B-3E173BC36351}.Debug|Any CPU.Build.0 = Debug|Any CPU
		{1980B443-4B78-4CAA-803B-3E173BC36351}.Release|Any CPU.ActiveCfg = Release|Any CPU
		{1980B443-4B78-4CAA-803B-3E173BC36351}.Release|Any CPU.Build.0 = Release|Any CPU
	EndGlobalSection
	GlobalSection(SolutionProperties) = preSolution
		HideSolutionNode = FALSE
	EndGlobalSection
	GlobalSection(NestedProjects) = preSolution
		{D992BC5A-5E8C-4333-A630-2AA2B5118BF4} = {ABC79A7E-8225-46E4-B1A7-91E50583A2DB}
		{79FB8EF4-34F5-40FE-9E37-7AA436536D93} = {ABC79A7E-8225-46E4-B1A7-91E50583A2DB}
		{9512B0FA-6E0A-448F-8308-F20E3B9225D8} = {ABC79A7E-8225-46E4-B1A7-91E50583A2DB}
		{76AB2501-74A7-4B99-9F35-F0D5E76F0043} = {ABC79A7E-8225-46E4-B1A7-91E50583A2DB}
		{1980B443-4B78-4CAA-803B-3E173BC36351} = {ABC79A7E-8225-46E4-B1A7-91E50583A2DB}
	EndGlobalSection
	GlobalSection(ExtensibilityGlobals) = postSolution
		SolutionGuid = {C0A534F5-B750-403D-B000-D52DACAFA436}
	EndGlobalSection
EndGlobal
